
Microsoft Visual Studio Solution File, Format Version 12.00
# Visual Studio Version 17
VisualStudioVersion = 17.6.33815.320
MinimumVisualStudioVersion = 10.0.40219.1
Project("{FAE04EC0-301F-11D3-BF4B-00C04F79EFBC}") = "Datagard1", "Datagard1\Datagard1.csproj", "{AE80CD5D-A957-4B9D-8409-3E0A9F00C687}"
EndProject
Global
	GlobalSection(SolutionConfigurationPlatforms) = preSolution
		Debug|Any CPU = Debug|Any CPU
		Release|Any CPU = Release|Any CPU
	EndGlobalSection
	GlobalSection(ProjectConfigurationPlatforms) = postSolution
		{AE80CD5D-A957-4B9D-8409-3E0A9F00C687}.Debug|Any CPU.ActiveCfg = Debug|Any CPU
		{AE80CD5D-A957-4B9D-8409-3E0A9F00C687}.Debug|Any CPU.Build.0 = Debug|Any CPU
		{AE80CD5D-A957-4B9D-8409-3E0A9F00C687}.Release|Any CPU.ActiveCfg = Release|Any CPU
		{AE80CD5D-A957-4B9D-8409-3E0A9F00C687}.Release|Any CPU.Build.0 = Release|Any CPU
	EndGlobalSection
	GlobalSection(SolutionProperties) = preSolution
		HideSolutionNode = FALSE
	EndGlobalSection
	GlobalSection(ExtensibilityGlobals) = postSolution
		SolutionGuid = {ADAF0482-102C-469E-90C3-B2D41D931BB1}
	EndGlobalSection
EndGlobal
